
Microsoft Visual Studio Solution File, Format Version 12.00
# Visual Studio Version 17
VisualStudioVersion = 17.11.35312.102
MinimumVisualStudioVersion = 10.0.40219.1
Project("{FAE04EC0-301F-11D3-BF4B-00C04F79EFBC}") = "2", "2.csproj", "{B781A287-1125-407F-A292-21C0569A4376}"
EndProject
Global
	GlobalSection(SolutionConfigurationPlatforms) = preSolution
		Debug|Any CPU = Debug|Any CPU
		Release|Any CPU = Release|Any CPU
	EndGlobalSection
	GlobalSection(ProjectConfigurationPlatforms) = postSolution
		{B781A287-1125-407F-A292-21C0569A4376}.Debug|Any CPU.ActiveCfg = Debug|Any CPU
		{B781A287-1125-407F-A292-21C0569A4376}.Debug|Any CPU.Build.0 = Debug|Any CPU
		{B781A287-1125-407F-A292-21C0569A4376}.Release|Any CPU.ActiveCfg = Release|Any CPU
		{B781A287-1125-407F-A292-21C0569A4376}.Release|Any CPU.Build.0 = Release|Any CPU
	EndGlobalSection
	GlobalSection(SolutionProperties) = preSolution
		HideSolutionNode = FALSE
	EndGlobalSection
	GlobalSection(ExtensibilityGlobals) = postSolution
		SolutionGuid = {77456AB2-4FF6-46FA-98A0-C7632A963D7F}
	EndGlobalSection
EndGlobal
